
Microsoft Visual Studio Solution File, Format Version 12.00
# Visual Studio Version 17
VisualStudioVersion = 17.0.31903.59
MinimumVisualStudioVersion = 10.0.40219.1
Project("{FAE04EC0-301F-11D3-BF4B-00C04F79EFBC}") = "CustomerREPRAPI", "CustomerREPRAPI\CustomerREPRAPI.csproj", "{F87F3226-1D47-403E-B4EB-716D75643560}"
EndProject
Project("{FAE04EC0-301F-11D3-BF4B-00C04F79EFBC}") = "CustomerREPRAPITests", "CustomerREPRAPITests\CustomerREPRAPITests.csproj", "{59EFB23E-F49D-4D00-9085-DC8F655219F0}"
EndProject
Global
	GlobalSection(SolutionConfigurationPlatforms) = preSolution
		Debug|Any CPU = Debug|Any CPU
		Release|Any CPU = Release|Any CPU
	EndGlobalSection
	GlobalSection(ProjectConfigurationPlatforms) = postSolution
		{F87F3226-1D47-403E-B4EB-716D75643560}.Debug|Any CPU.ActiveCfg = Debug|Any CPU
		{F87F3226-1D47-403E-B4EB-716D75643560}.Debug|Any CPU.Build.0 = Debug|Any CPU
		{F87F3226-1D47-403E-B4EB-716D75643560}.Release|Any CPU.ActiveCfg = Release|Any CPU
		{F87F3226-1D47-403E-B4EB-716D75643560}.Release|Any CPU.Build.0 = Release|Any CPU
		{59EFB23E-F49D-4D00-9085-DC8F655219F0}.Debug|Any CPU.ActiveCfg = Debug|Any CPU
		{59EFB23E-F49D-4D00-9085-DC8F655219F0}.Debug|Any CPU.Build.0 = Debug|Any CPU
		{59EFB23E-F49D-4D00-9085-DC8F655219F0}.Release|Any CPU.ActiveCfg = Release|Any CPU
		{59EFB23E-F49D-4D00-9085-DC8F655219F0}.Release|Any CPU.Build.0 = Release|Any CPU
	EndGlobalSection
	GlobalSection(SolutionProperties) = preSolution
		HideSolutionNode = FALSE
	EndGlobalSection
	GlobalSection(ExtensibilityGlobals) = postSolution
		SolutionGuid = {C9B52067-D6F5-4751-8E64-FAD30353D7B8}
	EndGlobalSection
EndGlobal
